
Microsoft Visual Studio Solution File, Format Version 12.00
# Visual Studio 14
VisualStudioVersion = 14.0.25420.1
MinimumVisualStudioVersion = 10.0.40219.1
Project("{FAE04EC0-301F-11D3-BF4B-00C04F79EFBC}") = "AppViralityTest.Web", "AppViralityTest.Web\AppViralityTest.Web.csproj", "{A885A36F-A28B-46AA-BA58-E2F278B37EFE}"
EndProject
Project("{FAE04EC0-301F-11D3-BF4B-00C04F79EFBC}") = "AppViralityTest.BLL", "AppViralityTest.BLL\AppViralityTest.BLL.csproj", "{DC703CC4-C338-41E9-923D-AA82036619B4}"
EndProject
Project("{FAE04EC0-301F-11D3-BF4B-00C04F79EFBC}") = "AppViralityTest.DAL", "AppViralityTest.DAL\AppViralityTest.DAL.csproj", "{095D80A3-79F3-41CE-9532-463C671B9023}"
EndProject
Project("{FAE04EC0-301F-11D3-BF4B-00C04F79EFBC}") = "AppViralityTest.DataModels", "AppViralityTest.DataModels\AppViralityTest.DataModels.csproj", "{AF63ACEE-784B-4202-91AB-72AB3FAAD4BA}"
EndProject
Project("{00D1A9C2-B5F0-4AF3-8072-F6C62B433612}") = "AppViralityTest.Database", "AppViralityTest.Database\AppViralityTest.Database.sqlproj", "{12A1B30A-24E6-4F8E-9EB3-8CF4EEF7E985}"
EndProject
Global
	GlobalSection(SolutionConfigurationPlatforms) = preSolution
		Debug|Any CPU = Debug|Any CPU
		Release|Any CPU = Release|Any CPU
	EndGlobalSection
	GlobalSection(ProjectConfigurationPlatforms) = postSolution
		{A885A36F-A28B-46AA-BA58-E2F278B37EFE}.Debug|Any CPU.ActiveCfg = Debug|Any CPU
		{A885A36F-A28B-46AA-BA58-E2F278B37EFE}.Debug|Any CPU.Build.0 = Debug|Any CPU
		{A885A36F-A28B-46AA-BA58-E2F278B37EFE}.Release|Any CPU.ActiveCfg = Release|Any CPU
		{A885A36F-A28B-46AA-BA58-E2F278B37EFE}.Release|Any CPU.Build.0 = Release|Any CPU
		{DC703CC4-C338-41E9-923D-AA82036619B4}.Debug|Any CPU.ActiveCfg = Debug|Any CPU
		{DC703CC4-C338-41E9-923D-AA82036619B4}.Debug|Any CPU.Build.0 = Debug|Any CPU
		{DC703CC4-C338-41E9-923D-AA82036619B4}.Release|Any CPU.ActiveCfg = Release|Any CPU
		{DC703CC4-C338-41E9-923D-AA82036619B4}.Release|Any CPU.Build.0 = Release|Any CPU
		{095D80A3-79F3-41CE-9532-463C671B9023}.Debug|Any CPU.ActiveCfg = Debug|Any CPU
		{095D80A3-79F3-41CE-9532-463C671B9023}.Debug|Any CPU.Build.0 = Debug|Any CPU
		{095D80A3-79F3-41CE-9532-463C671B9023}.Release|Any CPU.ActiveCfg = Release|Any CPU
		{095D80A3-79F3-41CE-9532-463C671B9023}.Release|Any CPU.Build.0 = Release|Any CPU
		{AF63ACEE-784B-4202-91AB-72AB3FAAD4BA}.Debug|Any CPU.ActiveCfg = Debug|Any CPU
		{AF63ACEE-784B-4202-91AB-72AB3FAAD4BA}.Debug|Any CPU.Build.0 = Debug|Any CPU
		{AF63ACEE-784B-4202-91AB-72AB3FAAD4BA}.Release|Any CPU.ActiveCfg = Release|Any CPU
		{AF63ACEE-784B-4202-91AB-72AB3FAAD4BA}.Release|Any CPU.Build.0 = Release|Any CPU
		{12A1B30A-24E6-4F8E-9EB3-8CF4EEF7E985}.Debug|Any CPU.ActiveCfg = Debug|Any CPU
		{12A1B30A-24E6-4F8E-9EB3-8CF4EEF7E985}.Debug|Any CPU.Build.0 = Debug|Any CPU
		{12A1B30A-24E6-4F8E-9EB3-8CF4EEF7E985}.Debug|Any CPU.Deploy.0 = Debug|Any CPU
		{12A1B30A-24E6-4F8E-9EB3-8CF4EEF7E985}.Release|Any CPU.ActiveCfg = Release|Any CPU
		{12A1B30A-24E6-4F8E-9EB3-8CF4EEF7E985}.Release|Any CPU.Build.0 = Release|Any CPU
		{12A1B30A-24E6-4F8E-9EB3-8CF4EEF7E985}.Release|Any CPU.Deploy.0 = Release|Any CPU
	EndGlobalSection
	GlobalSection(SolutionProperties) = preSolution
		HideSolutionNode = FALSE
	EndGlobalSection
EndGlobal
